Microsoft Visual Studio Solution File, Format Version 12.00
# Visual Studio 2012
Project("{FAE04EC0-301F-11D3-BF4B-00C04F79EFBC}") = "Game", "Game.csproj", "{E99EFDC6-EEAC-464B-802D-6674008EAFC0}"
EndProject
Global
	GlobalSection(SolutionConfigurationPlatforms) = preSolution
	Debug|Any CPU = Debug|Any CPU
	ExportDebug|Any CPU = ExportDebug|Any CPU
	ExportRelease|Any CPU = ExportRelease|Any CPU
	EndGlobalSection
	GlobalSection(ProjectConfigurationPlatforms) = postSolution
		{E99EFDC6-EEAC-464B-802D-6674008EAFC0}.Debug|Any CPU.ActiveCfg = Debug|Any CPU
		{E99EFDC6-EEAC-464B-802D-6674008EAFC0}.Debug|Any CPU.Build.0 = Debug|Any CPU
		{E99EFDC6-EEAC-464B-802D-6674008EAFC0}.ExportDebug|Any CPU.ActiveCfg = ExportDebug|Any CPU
		{E99EFDC6-EEAC-464B-802D-6674008EAFC0}.ExportDebug|Any CPU.Build.0 = ExportDebug|Any CPU
		{E99EFDC6-EEAC-464B-802D-6674008EAFC0}.ExportRelease|Any CPU.ActiveCfg = ExportRelease|Any CPU
		{E99EFDC6-EEAC-464B-802D-6674008EAFC0}.ExportRelease|Any CPU.Build.0 = ExportRelease|Any CPU
	EndGlobalSection
EndGlobal
